
Microsoft Visual Studio Solution File, Format Version 12.00
# Visual Studio Version 17
VisualStudioVersion = 17.4.33110.190
MinimumVisualStudioVersion = 10.0.40219.1
Project("{9A19103F-16F7-4668-BE54-9A1E7A4F7556}") = "vssecurityapp", "vssecurityapp\vssecurityapp.csproj", "{96D8C4DB-4971-46AB-815C-A303E8DAE0CF}"
EndProject
Global
	GlobalSection(SolutionConfigurationPlatforms) = preSolution
		Debug|Any CPU = Debug|Any CPU
		Release|Any CPU = Release|Any CPU
	EndGlobalSection
	GlobalSection(ProjectConfigurationPlatforms) = postSolution
		{96D8C4DB-4971-46AB-815C-A303E8DAE0CF}.Debug|Any CPU.ActiveCfg = Debug|Any CPU
		{96D8C4DB-4971-46AB-815C-A303E8DAE0CF}.Debug|Any CPU.Build.0 = Debug|Any CPU
		{96D8C4DB-4971-46AB-815C-A303E8DAE0CF}.Release|Any CPU.ActiveCfg = Release|Any CPU
		{96D8C4DB-4971-46AB-815C-A303E8DAE0CF}.Release|Any CPU.Build.0 = Release|Any CPU
	EndGlobalSection
	GlobalSection(SolutionProperties) = preSolution
		HideSolutionNode = FALSE
	EndGlobalSection
	GlobalSection(ExtensibilityGlobals) = postSolution
		SolutionGuid = {89C71413-F7D3-4CA3-8359-B197ACADC64A}
	EndGlobalSection
EndGlobal
